
Microsoft Visual Studio Solution File, Format Version 12.00
# Visual Studio 2012
Project("{FAE04EC0-301F-11D3-BF4B-00C04F79EFBC}") = "VectorShapes", "VectorShapes\VectorShapes.csproj", "{24129D42-29D8-4C67-B6E6-18B4284575B5}"
EndProject
Project("{FAE04EC0-301F-11D3-BF4B-00C04F79EFBC}") = "VectorShapes-Editor", "VectorShapes-Editor\VectorShapes-Editor.csproj", "{A7AF9C93-6712-4526-AFC5-A0CD1AB610F2}"
EndProject
Global
	GlobalSection(SolutionConfigurationPlatforms) = preSolution
		Debug|Any CPU = Debug|Any CPU
		Release|Any CPU = Release|Any CPU
	EndGlobalSection
	GlobalSection(ProjectConfigurationPlatforms) = postSolution
		{24129D42-29D8-4C67-B6E6-18B4284575B5}.Debug|Any CPU.ActiveCfg = Debug|Any CPU
		{24129D42-29D8-4C67-B6E6-18B4284575B5}.Debug|Any CPU.Build.0 = Debug|Any CPU
		{24129D42-29D8-4C67-B6E6-18B4284575B5}.Release|Any CPU.ActiveCfg = Release|Any CPU
		{24129D42-29D8-4C67-B6E6-18B4284575B5}.Release|Any CPU.Build.0 = Release|Any CPU
		{A7AF9C93-6712-4526-AFC5-A0CD1AB610F2}.Debug|Any CPU.ActiveCfg = Debug|Any CPU
		{A7AF9C93-6712-4526-AFC5-A0CD1AB610F2}.Debug|Any CPU.Build.0 = Debug|Any CPU
		{A7AF9C93-6712-4526-AFC5-A0CD1AB610F2}.Release|Any CPU.ActiveCfg = Release|Any CPU
		{A7AF9C93-6712-4526-AFC5-A0CD1AB610F2}.Release|Any CPU.Build.0 = Release|Any CPU
	EndGlobalSection
EndGlobal
